
Microsoft Visual Studio Solution File, Format Version 12.00
# Visual Studio Version 17
VisualStudioVersion = 17.8.34330.188
MinimumVisualStudioVersion = 10.0.40219.1
Project("{FAE04EC0-301F-11D3-BF4B-00C04F79EFBC}") = "ContacBookApp", "ContacBookApp\ContacBookApp.csproj", "{656D4CCD-E687-4BD0-8670-59EFA52718AF}"
EndProject
Global
	GlobalSection(SolutionConfigurationPlatforms) = preSolution
		Debug|Any CPU = Debug|Any CPU
		Release|Any CPU = Release|Any CPU
	EndGlobalSection
	GlobalSection(ProjectConfigurationPlatforms) = postSolution
		{656D4CCD-E687-4BD0-8670-59EFA52718AF}.Debug|Any CPU.ActiveCfg = Debug|Any CPU
		{656D4CCD-E687-4BD0-8670-59EFA52718AF}.Debug|Any CPU.Build.0 = Debug|Any CPU
		{656D4CCD-E687-4BD0-8670-59EFA52718AF}.Release|Any CPU.ActiveCfg = Release|Any CPU
		{656D4CCD-E687-4BD0-8670-59EFA52718AF}.Release|Any CPU.Build.0 = Release|Any CPU
	EndGlobalSection
	GlobalSection(SolutionProperties) = preSolution
		HideSolutionNode = FALSE
	EndGlobalSection
	GlobalSection(ExtensibilityGlobals) = postSolution
		SolutionGuid = {3E4834A7-2A15-42C5-96A8-12D6F6BA089C}
	EndGlobalSection
EndGlobal
